
Microsoft Visual Studio Solution File, Format Version 12.00
# Visual Studio Version 17
VisualStudioVersion = 17.5.33530.505
MinimumVisualStudioVersion = 10.0.40219.1
Project("{FAE04EC0-301F-11D3-BF4B-00C04F79EFBC}") = "BackIntro", "BackIntro\BackIntro.csproj", "{EFC9E5E1-162C-4ADC-AB7F-3E6939FB4C71}"
EndProject
Global
	GlobalSection(SolutionConfigurationPlatforms) = preSolution
		Debug|Any CPU = Debug|Any CPU
		Release|Any CPU = Release|Any CPU
	EndGlobalSection
	GlobalSection(ProjectConfigurationPlatforms) = postSolution
		{EFC9E5E1-162C-4ADC-AB7F-3E6939FB4C71}.Debug|Any CPU.ActiveCfg = Debug|Any CPU
		{EFC9E5E1-162C-4ADC-AB7F-3E6939FB4C71}.Debug|Any CPU.Build.0 = Debug|Any CPU
		{EFC9E5E1-162C-4ADC-AB7F-3E6939FB4C71}.Release|Any CPU.ActiveCfg = Release|Any CPU
		{EFC9E5E1-162C-4ADC-AB7F-3E6939FB4C71}.Release|Any CPU.Build.0 = Release|Any CPU
	EndGlobalSection
	GlobalSection(SolutionProperties) = preSolution
		HideSolutionNode = FALSE
	EndGlobalSection
	GlobalSection(ExtensibilityGlobals) = postSolution
		SolutionGuid = {35D697F2-0AF3-45BC-A1B2-62AC330DE022}
	EndGlobalSection
EndGlobal
